
Microsoft Visual Studio Solution File, Format Version 12.00
# Visual Studio Version 17
VisualStudioVersion = 17.3.32929.385
MinimumVisualStudioVersion = 10.0.40219.1
Project("{FAE04EC0-301F-11D3-BF4B-00C04F79EFBC}") = "Homework2", "Homework2\Homework2.csproj", "{F76BB572-6046-4745-8AB2-477B11A178C0}"
EndProject
Global
	GlobalSection(SolutionConfigurationPlatforms) = preSolution
		Debug|Any CPU = Debug|Any CPU
		Release|Any CPU = Release|Any CPU
	EndGlobalSection
	GlobalSection(ProjectConfigurationPlatforms) = postSolution
		{F76BB572-6046-4745-8AB2-477B11A178C0}.Debug|Any CPU.ActiveCfg = Debug|Any CPU
		{F76BB572-6046-4745-8AB2-477B11A178C0}.Debug|Any CPU.Build.0 = Debug|Any CPU
		{F76BB572-6046-4745-8AB2-477B11A178C0}.Release|Any CPU.ActiveCfg = Release|Any CPU
		{F76BB572-6046-4745-8AB2-477B11A178C0}.Release|Any CPU.Build.0 = Release|Any CPU
	EndGlobalSection
	GlobalSection(SolutionProperties) = preSolution
		HideSolutionNode = FALSE
	EndGlobalSection
	GlobalSection(ExtensibilityGlobals) = postSolution
		SolutionGuid = {9DC879D3-6DA6-4608-8C93-24D6DE465E19}
	EndGlobalSection
EndGlobal
